{
  "requires": true,
  "lockfileVersion": 1,
  "dependencies": {
    "@mdi/font": {
      "version": "2.3.54",
      "resolved": "https://registry.npmjs.org/@mdi/font/-/font-2.3.54.tgz",
      "integrity": "sha512-LKkA6cq+Oso8AW684jDCMfUmroC0X6xcBZGRz2WNLZoRtYneRJ4BPUoUDFfdeSeK6sJTGEIGOAkq+M3PGqIrMQ=="
    }
  }
}
